
Microsoft Visual Studio Solution File, Format Version 12.00
# Visual Studio Version 16
VisualStudioVersion = 16.0.31702.278
MinimumVisualStudioVersion = 10.0.40219.1
Project("{9A19103F-16F7-4668-BE54-9A1E7A4F7556}") = "Entidades", "Entidades\Entidades.csproj", "{C447A505-5644-44F0-BED6-F83900830C0C}"
EndProject
Project("{FAE04EC0-301F-11D3-BF4B-00C04F79EFBC}") = "MiCalculadora", "MiCalculadora\MiCalculadora.csproj", "{05989145-8E10-4388-9488-6002791B9123}"
EndProject
Global
	GlobalSection(SolutionConfigurationPlatforms) = preSolution
		Debug|Any CPU = Debug|Any CPU
		Release|Any CPU = Release|Any CPU
	EndGlobalSection
	GlobalSection(ProjectConfigurationPlatforms) = postSolution
		{C447A505-5644-44F0-BED6-F83900830C0C}.Debug|Any CPU.ActiveCfg = Debug|Any CPU
		{C447A505-5644-44F0-BED6-F83900830C0C}.Debug|Any CPU.Build.0 = Debug|Any CPU
		{C447A505-5644-44F0-BED6-F83900830C0C}.Release|Any CPU.ActiveCfg = Release|Any CPU
		{C447A505-5644-44F0-BED6-F83900830C0C}.Release|Any CPU.Build.0 = Release|Any CPU
		{05989145-8E10-4388-9488-6002791B9123}.Debug|Any CPU.ActiveCfg = Debug|Any CPU
		{05989145-8E10-4388-9488-6002791B9123}.Debug|Any CPU.Build.0 = Debug|Any CPU
		{05989145-8E10-4388-9488-6002791B9123}.Release|Any CPU.ActiveCfg = Release|Any CPU
		{05989145-8E10-4388-9488-6002791B9123}.Release|Any CPU.Build.0 = Release|Any CPU
	EndGlobalSection
	GlobalSection(SolutionProperties) = preSolution
		HideSolutionNode = FALSE
	EndGlobalSection
	GlobalSection(ExtensibilityGlobals) = postSolution
		SolutionGuid = {9D63E093-03A3-4B1D-A789-A16BAF754692}
	EndGlobalSection
EndGlobal
