
Microsoft Visual Studio Solution File, Format Version 12.00
# Visual Studio Version 16
VisualStudioVersion = 16.0.31702.278
MinimumVisualStudioVersion = 10.0.40219.1
Project("{9A19103F-16F7-4668-BE54-9A1E7A4F7556}") = "TP_3_Ventas", "TP_3_Ventas\TP_3_Ventas.csproj", "{3D1040EF-9B9E-4CB7-9107-FD867CCED023}"
EndProject
Project("{9A19103F-16F7-4668-BE54-9A1E7A4F7556}") = "Test", "Test\Test.csproj", "{AEA269D4-6D9A-431B-9CFE-141C7421DDBB}"
EndProject
Project("{9A19103F-16F7-4668-BE54-9A1E7A4F7556}") = "ExepcionesPropias", "ExepcionesPropias\ExepcionesPropias.csproj", "{8228648A-F288-4BC9-B57A-B4E77CC864F4}"
EndProject
Project("{FAE04EC0-301F-11D3-BF4B-00C04F79EFBC}") = "TestEntidadesVentas", "TestEntidadesVentas\TestEntidadesVentas.csproj", "{318CE7CE-EEB1-4363-BBCF-29011576BDB7}"
EndProject
Project("{FAE04EC0-301F-11D3-BF4B-00C04F79EFBC}") = "AdministradorRegistroVentas", "AdministradorRegistroVentas\AdministradorRegistroVentas.csproj", "{71565DBC-1C88-470B-864D-0AC05B10EC2A}"
EndProject
Global
	GlobalSection(SolutionConfigurationPlatforms) = preSolution
		Debug|Any CPU = Debug|Any CPU
		Release|Any CPU = Release|Any CPU
	EndGlobalSection
	GlobalSection(ProjectConfigurationPlatforms) = postSolution
		{3D1040EF-9B9E-4CB7-9107-FD867CCED023}.Debug|Any CPU.ActiveCfg = Debug|Any CPU
		{3D1040EF-9B9E-4CB7-9107-FD867CCED023}.Debug|Any CPU.Build.0 = Debug|Any CPU
		{3D1040EF-9B9E-4CB7-9107-FD867CCED023}.Release|Any CPU.ActiveCfg = Release|Any CPU
		{3D1040EF-9B9E-4CB7-9107-FD867CCED023}.Release|Any CPU.Build.0 = Release|Any CPU
		{AEA269D4-6D9A-431B-9CFE-141C7421DDBB}.Debug|Any CPU.ActiveCfg = Debug|Any CPU
		{AEA269D4-6D9A-431B-9CFE-141C7421DDBB}.Debug|Any CPU.Build.0 = Debug|Any CPU
		{AEA269D4-6D9A-431B-9CFE-141C7421DDBB}.Release|Any CPU.ActiveCfg = Release|Any CPU
		{AEA269D4-6D9A-431B-9CFE-141C7421DDBB}.Release|Any CPU.Build.0 = Release|Any CPU
		{8228648A-F288-4BC9-B57A-B4E77CC864F4}.Debug|Any CPU.ActiveCfg = Debug|Any CPU
		{8228648A-F288-4BC9-B57A-B4E77CC864F4}.Debug|Any CPU.Build.0 = Debug|Any CPU
		{8228648A-F288-4BC9-B57A-B4E77CC864F4}.Release|Any CPU.ActiveCfg = Release|Any CPU
		{8228648A-F288-4BC9-B57A-B4E77CC864F4}.Release|Any CPU.Build.0 = Release|Any CPU
		{318CE7CE-EEB1-4363-BBCF-29011576BDB7}.Debug|Any CPU.ActiveCfg = Debug|Any CPU
		{318CE7CE-EEB1-4363-BBCF-29011576BDB7}.Debug|Any CPU.Build.0 = Debug|Any CPU
		{318CE7CE-EEB1-4363-BBCF-29011576BDB7}.Release|Any CPU.ActiveCfg = Release|Any CPU
		{318CE7CE-EEB1-4363-BBCF-29011576BDB7}.Release|Any CPU.Build.0 = Release|Any CPU
		{71565DBC-1C88-470B-864D-0AC05B10EC2A}.Debug|Any CPU.ActiveCfg = Debug|Any CPU
		{71565DBC-1C88-470B-864D-0AC05B10EC2A}.Debug|Any CPU.Build.0 = Debug|Any CPU
		{71565DBC-1C88-470B-864D-0AC05B10EC2A}.Release|Any CPU.ActiveCfg = Release|Any CPU
		{71565DBC-1C88-470B-864D-0AC05B10EC2A}.Release|Any CPU.Build.0 = Release|Any CPU
	EndGlobalSection
	GlobalSection(SolutionProperties) = preSolution
		HideSolutionNode = FALSE
	EndGlobalSection
	GlobalSection(ExtensibilityGlobals) = postSolution
		SolutionGuid = {94A70705-AB28-43F1-907C-2E7C8B44450B}
	EndGlobalSection
EndGlobal
